# ============================================================================
# requirements-sdxl.lock
# ============================================================================
# Snapshot esatto del venv "sliders" (SDXL training) al
# 2026-04-19 alle ~03:00, git commit 127f3c0.
#
# Python: 3.9.21
# Venv originale: ~/Linux4HPC/venvs/sliders
# CUDA: torch 2.0.1+cu117 (usa libs bundled nvidia-*-cu11, nessun module load
#       necessario per runtime; bitsandbytes 0.41.1 funziona con queste libs)
#
# Per ricreare:
#   source $NEW_VENV/bin/activate
#   pip install -r requirements-sdxl.lock
#
# (vedi RECREATE_SDXL_VENV.md per le istruzioni complete)
# ============================================================================
accelerate==0.33.0
annotated-types==0.7.0
anyio==4.12.1
argon2-cffi==25.1.0
argon2-cffi-bindings==25.1.0
arrow==1.4.0
asttokens==3.0.1
async-lru==2.0.5
attrs==26.1.0
babel==2.18.0
backcall==0.2.0
beautifulsoup4==4.14.3
bitsandbytes==0.41.1
bleach==6.2.0
certifi==2026.2.25
cffi==2.0.0
charset-normalizer==3.4.7
click==8.1.8
cmake==4.3.1
comm==0.2.3
contourpy==1.3.0
cycler==0.12.1
dadaptation==3.1
debugpy==1.8.20
decorator==5.2.1
defusedxml==0.7.1
diffusers==0.31.0
docker-pycreds==0.4.0
exceptiongroup==1.3.1
executing==2.2.1
fastjsonschema==2.21.2
filelock==3.19.1
fonttools==4.60.2
fqdn==1.5.1
fsspec==2025.10.0
gitdb==4.0.12
GitPython==3.1.46
h11==0.16.0
hf-xet==1.4.3
httpcore==1.0.9
httpx==0.28.1
huggingface-hub==0.24.7
idna==3.11
importlib_metadata==8.7.1
ipykernel==6.31.0
ipython==8.7.0
ipywidgets==8.1.8
isoduration==20.11.0
jedi==0.19.2
Jinja2==3.1.6
json5==0.14.0
jsonpointer==3.0.0
jsonschema==4.25.1
jsonschema-specifications==2025.9.1
jupyter==1.1.1
jupyter-console==6.6.3
jupyter-events==0.12.0
jupyter-lsp==2.3.1
jupyter_client==8.6.3
jupyter_core==5.8.1
jupyter_server==2.17.0
jupyter_server_terminals==0.5.4
jupyterlab==4.5.6
jupyterlab_pygments==0.3.0
jupyterlab_server==2.28.0
jupyterlab_widgets==3.0.16
kiwisolver==1.4.7
lark==1.3.1
lion-pytorch==0.1.2
lit==18.1.8
lpips==0.1.4
MarkupSafe==3.0.3
matplotlib==3.6.2
matplotlib-inline==0.2.1
mistune==3.2.0
mpmath==1.3.0
nbclient==0.10.2
nbconvert==7.17.1
nbformat==5.10.4
nest-asyncio==1.6.0
networkx==3.2.1
notebook==7.5.5
notebook_shim==0.2.4
numpy==1.23.5
nvidia-cublas-cu11==11.10.3.66
nvidia-cuda-cupti-cu11==11.7.101
nvidia-cuda-nvrtc-cu11==11.7.99
nvidia-cuda-runtime-cu11==11.7.99
nvidia-cudnn-cu11==8.5.0.96
nvidia-cufft-cu11==10.9.0.58
nvidia-curand-cu11==10.2.10.91
nvidia-cusolver-cu11==11.4.0.1
nvidia-cusparse-cu11==11.7.4.91
nvidia-nccl-cu11==2.14.3
nvidia-nvtx-cu11==11.7.91
opencv-python==4.5.5.64
opencv-python-headless==4.7.0.68
overrides==7.7.0
packaging==26.0
pandas==1.5.2
pandocfilters==1.5.1
parso==0.8.6
pathtools==0.1.2
pexpect==4.9.0
pickleshare==0.7.5
Pillow==10.1.0
platformdirs==4.4.0
prodigyopt==1.0
prometheus_client==0.25.0
promise==2.3
prompt_toolkit==3.0.52
protobuf==3.20.3
psutil==7.2.2
ptyprocess==0.7.0
pure_eval==0.2.3
pycparser==2.23
pydantic==2.6.3
pydantic_core==2.16.3
Pygments==2.20.0
pyparsing==3.3.2
python-dateutil==2.9.0.post0
python-json-logger==4.0.0
pytz==2026.1.post1
PyYAML==6.0.3
pyzmq==27.1.0
referencing==0.36.2
regex==2026.1.15
requests==2.32.5
rfc3339-validator==0.1.4
rfc3986-validator==0.1.1
rfc3987-syntax==1.1.0
rpds-py==0.27.1
safetensors==0.4.5
scipy==1.13.1
Send2Trash==2.1.0
sentry-sdk==2.57.0
setproctitle==1.3.7
shortuuid==1.0.13
six==1.17.0
smmap==5.0.3
soupsieve==2.8.3
stack-data==0.6.3
sympy==1.14.0
terminado==0.18.1
tinycss2==1.4.0
tokenizers==0.19.1
tomli==2.4.1
torch==2.0.1
torchvision==0.15.2
tornado==6.5.5
tqdm==4.67.3
traitlets==5.14.3
transformers==4.44.2
triton==2.0.0
typing_extensions==4.15.0
tzdata==2026.1
uri-template==1.3.0
urllib3==2.6.3
wandb==0.12.21
wcwidth==0.6.0
webcolors==24.11.1
webencodings==0.5.1
websocket-client==1.9.0
widgetsnbextension==4.0.15
xformers==0.0.21
zipp==3.23.0
